
Microsoft Visual Studio Solution File, Format Version 12.00
# Visual Studio 15
VisualStudioVersion = 15.0.27004.2009
MinimumVisualStudioVersion = 10.0.40219.1
Project("{FAE04EC0-301F-11D3-BF4B-00C04F79EFBC}") = "SearchingAlgorithms", "SearchingAlgorithms\SearchingAlgorithms.csproj", "{DD346F52-6C85-497C-B298-03A708C12613}"
EndProject
Global
	GlobalSection(SolutionConfigurationPlatforms) = preSolution
		Debug|Any CPU = Debug|Any CPU
		Release|Any CPU = Release|Any CPU
	EndGlobalSection
	GlobalSection(ProjectConfigurationPlatforms) = postSolution
		{DD346F52-6C85-497C-B298-03A708C12613}.Debug|Any CPU.ActiveCfg = Debug|Any CPU
		{DD346F52-6C85-497C-B298-03A708C12613}.Debug|Any CPU.Build.0 = Debug|Any CPU
		{DD346F52-6C85-497C-B298-03A708C12613}.Release|Any CPU.ActiveCfg = Release|Any CPU
		{DD346F52-6C85-497C-B298-03A708C12613}.Release|Any CPU.Build.0 = Release|Any CPU
	EndGlobalSection
	GlobalSection(SolutionProperties) = preSolution
		HideSolutionNode = FALSE
	EndGlobalSection
	GlobalSection(ExtensibilityGlobals) = postSolution
		SolutionGuid = {32820FB6-118F-4DAF-9A08-60C6E4122D8D}
	EndGlobalSection
EndGlobal
